
Microsoft Visual Studio Solution File, Format Version 12.00
# Visual Studio Version 16
VisualStudioVersion = 16.0.30104.148
MinimumVisualStudioVersion = 10.0.40219.1
Project("{8BC9CEB8-8B4A-11D0-8D11-00A0C91BC942}") = "CoreyGaspar-Project2BankingProgram", "CoreyGaspar-Project2BankingProgram\CoreyGaspar-Project2BankingProgram.vcxproj", "{62B7FC67-82C0-4AEA-84F3-76B8B4613448}"
EndProject
Global
	GlobalSection(SolutionConfigurationPlatforms) = preSolution
		Debug|x64 = Debug|x64
		Debug|x86 = Debug|x86
		Release|x64 = Release|x64
		Release|x86 = Release|x86
	EndGlobalSection
	GlobalSection(ProjectConfigurationPlatforms) = postSolution
		{62B7FC67-82C0-4AEA-84F3-76B8B4613448}.Debug|x64.ActiveCfg = Debug|x64
		{62B7FC67-82C0-4AEA-84F3-76B8B4613448}.Debug|x64.Build.0 = Debug|x64
		{62B7FC67-82C0-4AEA-84F3-76B8B4613448}.Debug|x86.ActiveCfg = Debug|Win32
		{62B7FC67-82C0-4AEA-84F3-76B8B4613448}.Debug|x86.Build.0 = Debug|Win32
		{62B7FC67-82C0-4AEA-84F3-76B8B4613448}.Release|x64.ActiveCfg = Release|x64
		{62B7FC67-82C0-4AEA-84F3-76B8B4613448}.Release|x64.Build.0 = Release|x64
		{62B7FC67-82C0-4AEA-84F3-76B8B4613448}.Release|x86.ActiveCfg = Release|Win32
		{62B7FC67-82C0-4AEA-84F3-76B8B4613448}.Release|x86.Build.0 = Release|Win32
	EndGlobalSection
	GlobalSection(SolutionProperties) = preSolution
		HideSolutionNode = FALSE
	EndGlobalSection
	GlobalSection(ExtensibilityGlobals) = postSolution
		SolutionGuid = {EDF0C304-2809-4A46-A232-850EDD827F42}
	EndGlobalSection
EndGlobal
